// !$*UTF8*$!
{
	archiveVersion = 1;
	classes = {
	};
	objectVersion = 50;
	objects = {

/* Begin PBXBuildFile section */
		847B500225BC4C8D002221B7 /* AppDelegate.swift in Sources */ = {isa = PBXBuildFile; fileRef = 847B500125BC4C8D002221B7 /* AppDelegate.swift */; };
		847B500425BC4C8D002221B7 /* SceneDelegate.swift in Sources */ = {isa = PBXBuildFile; fileRef = 847B500325BC4C8D002221B7 /* SceneDelegate.swift */; };
		847B500625BC4C8D002221B7 /* ContentView.swift in Sources */ = {isa = PBXBuildFile; fileRef = 847B500525BC4C8D002221B7 /* ContentView.swift */; };
		847B500825BC4C8F002221B7 /* Assets.xcassets in Resources */ = {isa = PBXBuildFile; fileRef = 847B500725BC4C8F002221B7 /* Assets.xcassets */; };
		847B500B25BC4C8F002221B7 /* Preview Assets.xcassets in Resources */ = {isa = PBXBuildFile; fileRef = 847B500A25BC4C8F002221B7 /* Preview Assets.xcassets */; };
		847B500E25BC4C8F002221B7 /* LaunchScreen.storyboard in Resources */ = {isa = PBXBuildFile; fileRef = 847B500C25BC4C8F002221B7 /* LaunchScreen.storyboard */; };
		847B501725BC6C72002221B7 /* CircleImage.swift in Sources */ = {isa = PBXBuildFile; fileRef = 847B501625BC6C72002221B7 /* CircleImage.swift */; };
		847B501A25BC6D00002221B7 /* turtlerock@2x.jpg in Resources */ = {isa = PBXBuildFile; fileRef = 847B501925BC6D00002221B7 /* turtlerock@2x.jpg */; };
		847B501D25BC6D57002221B7 /* MapView.swift in Sources */ = {isa = PBXBuildFile; fileRef = 847B501C25BC6D57002221B7 /* MapView.swift */; };
/* End PBXBuildFile section */

/* Begin PBXFileReference section */
		847B4FFE25BC4C8D002221B7 /* suitest.app */ = {isa = PBXFileReference; explicitFileType = wrapper.application; includeInIndex = 0; path = suitest.app; sourceTree = BUILT_PRODUCTS_DIR; };
		847B500125BC4C8D002221B7 /* AppDelegate.swift */ = {isa = PBXFileReference; lastKnownFileType = sourcecode.swift; path = AppDelegate.swift; sourceTree = "<group>"; };
		847B500325BC4C8D002221B7 /* SceneDelegate.swift */ = {isa = PBXFileReference; lastKnownFileType = sourcecode.swift; path = SceneDelegate.swift; sourceTree = "<group>"; };
		847B500525BC4C8D002221B7 /* ContentView.swift */ = {isa = PBXFileReference; lastKnownFileType = sourcecode.swift; path = ContentView.swift; sourceTree = "<group>"; };
		847B500725BC4C8F002221B7 /* Assets.xcassets */ = {isa = PBXFileReference; lastKnownFileType = folder.assetcatalog; path = Assets.xcassets; sourceTree = "<group>"; };
		847B500A25BC4C8F002221B7 /* Preview Assets.xcassets */ = {isa = PBXFileReference; lastKnownFileType = folder.assetcatalog; path = "Preview Assets.xcassets"; sourceTree = "<group>"; };
		847B500D25BC4C8F002221B7 /* Base */ = {isa = PBXFileReference; lastKnownFileType = file.storyboard; name = Base; path = Base.lproj/LaunchScreen.storyboard; sourceTree = "<group>"; };
		847B500F25BC4C8F002221B7 /* Info.plist */ = {isa = PBXFileReference; lastKnownFileType = text.plist.xml; path = Info.plist; sourceTree = "<group>"; };
		847B501625BC6C72002221B7 /* CircleImage.swift */ = {isa = PBXFileReference; lastKnownFileType = sourcecode.swift; path = CircleImage.swift; sourceTree = "<group>"; };
		847B501925BC6D00002221B7 /* turtlerock@2x.jpg */ = {isa = PBXFileReference; lastKnownFileType = image.jpeg; path = "turtlerock@2x.jpg"; sourceTree = "<group>"; };
		847B501C25BC6D57002221B7 /* MapView.swift */ = {isa = PBXFileReference; lastKnownFileType = sourcecode.swift; path = MapView.swift; sourceTree = "<group>"; };
/* End PBXFileReference section */

/* Begin PBXFrameworksBuildPhase section */
		847B4FFB25BC4C8D002221B7 /* Frameworks */ = {
			isa = PBXFrameworksBuildPhase;
			buildActionMask = 2147483647;
			files = (
			);
			runOnlyForDeploymentPostprocessing = 0;
		};
/* End PBXFrameworksBuildPhase section */

/* Begin PBXGroup section */
		847B4FF525BC4C8D002221B7 = {
			isa = PBXGroup;
			children = (
				847B500025BC4C8D002221B7 /* suitest */,
				847B4FFF25BC4C8D002221B7 /* Products */,
			);
			sourceTree = "<group>";
		};
		847B4FFF25BC4C8D002221B7 /* Products */ = {
			isa = PBXGroup;
			children = (
				847B4FFE25BC4C8D002221B7 /* suitest.app */,
			);
			name = Products;
			sourceTree = "<group>";
		};
		847B500025BC4C8D002221B7 /* suitest */ = {
			isa = PBXGroup;
			children = (
				847B501925BC6D00002221B7 /* turtlerock@2x.jpg */,
				847B500125BC4C8D002221B7 /* AppDelegate.swift */,
				847B500325BC4C8D002221B7 /* SceneDelegate.swift */,
				847B500525BC4C8D002221B7 /* ContentView.swift */,
				847B501625BC6C72002221B7 /* CircleImage.swift */,
				847B500725BC4C8F002221B7 /* Assets.xcassets */,
				847B500C25BC4C8F002221B7 /* LaunchScreen.storyboard */,
				847B500F25BC4C8F002221B7 /* Info.plist */,
				847B500925BC4C8F002221B7 /* Preview Content */,
				847B501C25BC6D57002221B7 /* MapView.swift */,
			);
			path = suitest;
			sourceTree = "<group>";
		};
		847B500925BC4C8F002221B7 /* Preview Content */ = {
			isa = PBXGroup;
			children = (
				847B500A25BC4C8F002221B7 /* Preview Assets.xcassets */,
			);
			path = "Preview Content";
			sourceTree = "<group>";
		};
/* End PBXGroup section */

/* Begin PBXNativeTarget section */
		847B4FFD25BC4C8D002221B7 /* suitest */ = {
			isa = PBXNativeTarget;
			buildConfigurationList = 847B501225BC4C8F002221B7 /* Build configuration list for PBXNativeTarget "suitest" */;
			buildPhases = (
				847B4FFA25BC4C8D002221B7 /* Sources */,
				847B4FFB25BC4C8D002221B7 /* Frameworks */,
				847B4FFC25BC4C8D002221B7 /* Resources */,
			);
			buildRules = (
			);
			dependencies = (
			);
			name = suitest;
			productName = suitest;
			productReference = 847B4FFE25BC4C8D002221B7 /* suitest.app */;
			productType = "com.apple.product-type.application";
		};
/* End PBXNativeTarget section */

/* Begin PBXProject section */
		847B4FF625BC4C8D002221B7 /* Project object */ = {
			isa = PBXProject;
			attributes = {
				LastSwiftUpdateCheck = 1220;
				LastUpgradeCheck = 1220;
				TargetAttributes = {
					847B4FFD25BC4C8D002221B7 = {
						CreatedOnToolsVersion = 12.2;
					};
				};
			};
			buildConfigurationList = 847B4FF925BC4C8D002221B7 /* Build configuration list for PBXProject "suitest" */;
			compatibilityVersion = "Xcode 9.3";
			developmentRegion = en;
			hasScannedForEncodings = 0;
			knownRegions = (
				en,
				Base,
			);
			mainGroup = 847B4FF525BC4C8D002221B7;
			productRefGroup = 847B4FFF25BC4C8D002221B7 /* Products */;
			projectDirPath = "";
			projectRoot = "";
			targets = (
				847B4FFD25BC4C8D002221B7 /* suitest */,
			);
		};
/* End PBXProject section */

/* Begin PBXResourcesBuildPhase section */
		847B4FFC25BC4C8D002221B7 /* Resources */ = {
			isa = PBXResourcesBuildPhase;
			buildActionMask = 2147483647;
			files = (
				847B500E25BC4C8F002221B7 /* LaunchScreen.storyboard in Resources */,
				847B501A25BC6D00002221B7 /* turtlerock@2x.jpg in Resources */,
				847B500B25BC4C8F002221B7 /* Preview Assets.xcassets in Resources */,
				847B500825BC4C8F002221B7 /* Assets.xcassets in Resources */,
			);
			runOnlyForDeploymentPostprocessing = 0;
		};
/* End PBXResourcesBuildPhase section */

/* Begin PBXSourcesBuildPhase section */
		847B4FFA25BC4C8D002221B7 /* Sources */ = {
			isa = PBXSourcesBuildPhase;
			buildActionMask = 2147483647;
			files = (
				847B500225BC4C8D002221B7 /* AppDelegate.swift in Sources */,
				847B501725BC6C72002221B7 /* CircleImage.swift in Sources */,
				847B501D25BC6D57002221B7 /* MapView.swift in Sources */,
				847B500425BC4C8D002221B7 /* SceneDelegate.swift in Sources */,
				847B500625BC4C8D002221B7 /* ContentView.swift in Sources */,
			);
			runOnlyForDeploymentPostprocessing = 0;
		};
/* End PBXSourcesBuildPhase section */

/* Begin PBXVariantGroup section */
		847B500C25BC4C8F002221B7 /* LaunchScreen.storyboard */ = {
			isa = PBXVariantGroup;
			children = (
				847B500D25BC4C8F002221B7 /* Base */,
			);
			name = LaunchScreen.storyboard;
			sourceTree = "<group>";
		};
/* End PBXVariantGroup section */

/* Begin XCBuildConfiguration section */
		847B501025BC4C8F002221B7 /* Debug */ = {
			isa = XCBuildConfiguration;
			buildSettings = {
				ALWAYS_SEARCH_USER_PATHS = NO;
				CLANG_ANALYZER_NONNULL = YES;
				CLANG_ANALYZER_NUMBER_OBJECT_CONVERSION = YES_AGGRESSIVE;
				CLANG_CXX_LANGUAGE_STANDARD = "gnu++14";
				CLANG_CXX_LIBRARY = "libc++";
				CLANG_ENABLE_MODULES = YES;
				CLANG_ENABLE_OBJC_ARC = YES;
				CLANG_ENABLE_OBJC_WEAK = YES;
				CLANG_WARN_BLOCK_CAPTURE_AUTORELEASING = YES;
				CLANG_WARN_BOOL_CONVERSION = YES;
				CLANG_WARN_COMMA = YES;
				CLANG_WARN_CONSTANT_CONVERSION = YES;
				CLANG_WARN_DEPRECATED_OBJC_IMPLEMENTATIONS = YES;
				CLANG_WARN_DIRECT_OBJC_ISA_USAGE = YES_ERROR;
				CLANG_WARN_DOCUMENTATION_COMMENTS = YES;
				CLANG_WARN_EMPTY_BODY = YES;
				CLANG_WARN_ENUM_CONVERSION = YES;
				CLANG_WARN_INFINITE_RECURSION = YES;
				CLANG_WARN_INT_CONVERSION = YES;
				CLANG_WARN_NON_LITERAL_NULL_CONVERSION = YES;
				CLANG_WARN_OBJC_IMPLICIT_RETAIN_SELF = YES;
				CLANG_WARN_OBJC_LITERAL_CONVERSION = YES;
				CLANG_WARN_OBJC_ROOT_CLASS = YES_ERROR;
				CLANG_WARN_QUOTED_INCLUDE_IN_FRAMEWORK_HEADER = YES;
				CLANG_WARN_RANGE_LOOP_ANALYSIS = YES;
				CLANG_WARN_STRICT_PROTOTYPES = YES;
				CLANG_WARN_SUSPICIOUS_MOVE = YES;
				CLANG_WARN_UNGUARDED_AVAILABILITY = YES_AGGRESSIVE;
				CLANG_WARN_UNREACHABLE_CODE = YES;
				CLANG_WARN__DUPLICATE_METHOD_MATCH = YES;
				COPY_PHASE_STRIP = NO;
				DEBUG_INFORMATION_FORMAT = dwarf;
				ENABLE_STRICT_OBJC_MSGSEND = YES;
				ENABLE_TESTABILITY = YES;
				GCC_C_LANGUAGE_STANDARD = gnu11;
				GCC_DYNAMIC_NO_PIC = NO;
				GCC_NO_COMMON_BLOCKS = YES;
				GCC_OPTIMIZATION_LEVEL = 0;
				GCC_PREPROCESSOR_DEFINITIONS = (
					"DEBUG=1",
					"$(inherited)",
				);
				GCC_WARN_64_TO_32_BIT_CONVERSION = YES;
				GCC_WARN_ABOUT_RETURN_TYPE = YES_ERROR;
				GCC_WARN_UNDECLARED_SELECTOR = YES;
				GCC_WARN_UNINITIALIZED_AUTOS = YES_AGGRESSIVE;
				GCC_WARN_UNUSED_FUNCTION = YES;
				GCC_WARN_UNUSED_VARIABLE = YES;
				IPHONEOS_DEPLOYMENT_TARGET = 14.2;
				MTL_ENABLE_DEBUG_INFO = INCLUDE_SOURCE;
				MTL_FAST_MATH = YES;
				ONLY_ACTIVE_ARCH = YES;
				SDKROOT = iphoneos;
				SWIFT_ACTIVE_COMPILATION_CONDITIONS = DEBUG;
				SWIFT_OPTIMIZATION_LEVEL = "-Onone";
			};
			name = Debug;
		};
		847B501125BC4C8F002221B7 /* Release */ = {
			isa = XCBuildConfiguration;
			buildSettings = {
				ALWAYS_SEARCH_USER_PATHS = NO;
				CLANG_ANALYZER_NONNULL = YES;
				CLANG_ANALYZER_NUMBER_OBJECT_CONVERSION = YES_AGGRESSIVE;
				CLANG_CXX_LANGUAGE_STANDARD = "gnu++14";
				CLANG_CXX_LIBRARY = "libc++";
				CLANG_ENABLE_MODULES = YES;
				CLANG_ENABLE_OBJC_ARC = YES;
				CLANG_ENABLE_OBJC_WEAK = YES;
				CLANG_WARN_BLOCK_CAPTURE_AUTORELEASING = YES;
				CLANG_WARN_BOOL_CONVERSION = YES;
				CLANG_WARN_COMMA = YES;
				CLANG_WARN_CONSTANT_CONVERSION = YES;
				CLANG_WARN_DEPRECATED_OBJC_IMPLEMENTATIONS = YES;
				CLANG_WARN_DIRECT_OBJC_ISA_USAGE = YES_ERROR;
				CLANG_WARN_DOCUMENTATION_COMMENTS = YES;
				CLANG_WARN_EMPTY_BODY = YES;
				CLANG_WARN_ENUM_CONVERSION = YES;
				CLANG_WARN_INFINITE_RECURSION = YES;
				CLANG_WARN_INT_CONVERSION = YES;
				CLANG_WARN_NON_LITERAL_NULL_CONVERSION = YES;
				CLANG_WARN_OBJC_IMPLICIT_RETAIN_SELF = YES;
				CLANG_WARN_OBJC_LITERAL_CONVERSION = YES;
				CLANG_WARN_OBJC_ROOT_CLASS = YES_ERROR;
				CLANG_WARN_QUOTED_INCLUDE_IN_FRAMEWORK_HEADER = YES;
				CLANG_WARN_RANGE_LOOP_ANALYSIS = YES;
				CLANG_WARN_STRICT_PROTOTYPES = YES;
				CLANG_WARN_SUSPICIOUS_MOVE = YES;
				CLANG_WARN_UNGUARDED_AVAILABILITY = YES_AGGRESSIVE;
				CLANG_WARN_UNREACHABLE_CODE = YES;
				CLANG_WARN__DUPLICATE_METHOD_MATCH = YES;
				COPY_PHASE_STRIP = NO;
				DEBUG_INFORMATION_FORMAT = "dwarf-with-dsym";
				ENABLE_NS_ASSERTIONS = NO;
				ENABLE_STRICT_OBJC_MSGSEND = YES;
				GCC_C_LANGUAGE_STANDARD = gnu11;
				GCC_NO_COMMON_BLOCKS = YES;
				GCC_WARN_64_TO_32_BIT_CONVERSION = YES;
				GCC_WARN_ABOUT_RETURN_TYPE = YES_ERROR;
				GCC_WARN_UNDECLARED_SELECTOR = YES;
				GCC_WARN_UNINITIALIZED_AUTOS = YES_AGGRESSIVE;
				GCC_WARN_UNUSED_FUNCTION = YES;
				GCC_WARN_UNUSED_VARIABLE = YES;
				IPHONEOS_DEPLOYMENT_TARGET = 14.2;
				MTL_ENABLE_DEBUG_INFO = NO;
				MTL_FAST_MATH = YES;
				SDKROOT = iphoneos;
				SWIFT_COMPILATION_MODE = wholemodule;
				SWIFT_OPTIMIZATION_LEVEL = "-O";
				VALIDATE_PRODUCT = YES;
			};
			name = Release;
		};
		847B501325BC4C8F002221B7 /* Debug */ = {
			isa = XCBuildConfiguration;
			buildSettings = {
				ASSETCATALOG_COMPILER_APPICON_NAME = AppIcon;
				ASSETCATALOG_COMPILER_GLOBAL_ACCENT_COLOR_NAME = AccentColor;
				CODE_SIGN_STYLE = Automatic;
				DEVELOPMENT_ASSET_PATHS = "\"suitest/Preview Content\"";
				DEVELOPMENT_TEAM = Z44W488BLR;
				ENABLE_PREVIEWS = YES;
				INFOPLIST_FILE = suitest/Info.plist;
				LD_RUNPATH_SEARCH_PATHS = (
					"$(inherited)",
					"@executable_path/Frameworks",
				);
				PRODUCT_BUNDLE_IDENTIFIER = barron.suitest;
				PRODUCT_NAME = "$(TARGET_NAME)";
				SWIFT_VERSION = 5.0;
				TARGETED_DEVICE_FAMILY = "1,2";
			};
			name = Debug;
		};
		847B501425BC4C8F002221B7 /* Release */ = {
			isa = XCBuildConfiguration;
			buildSettings = {
				ASSETCATALOG_COMPILER_APPICON_NAME = AppIcon;
				ASSETCATALOG_COMPILER_GLOBAL_ACCENT_COLOR_NAME = AccentColor;
				CODE_SIGN_STYLE = Automatic;
				DEVELOPMENT_ASSET_PATHS = "\"suitest/Preview Content\"";
				DEVELOPMENT_TEAM = Z44W488BLR;
				ENABLE_PREVIEWS = YES;
				INFOPLIST_FILE = suitest/Info.plist;
				LD_RUNPATH_SEARCH_PATHS = (
					"$(inherited)",
					"@executable_path/Frameworks",
				);
				PRODUCT_BUNDLE_IDENTIFIER = barron.suitest;
				PRODUCT_NAME = "$(TARGET_NAME)";
				SWIFT_VERSION = 5.0;
				TARGETED_DEVICE_FAMILY = "1,2";
			};
			name = Release;
		};
/* End XCBuildConfiguration section */

/* Begin XCConfigurationList section */
		847B4FF925BC4C8D002221B7 /* Build configuration list for PBXProject "suitest" */ = {
			isa = XCConfigurationList;
			buildConfigurations = (
				847B501025BC4C8F002221B7 /* Debug */,
				847B501125BC4C8F002221B7 /* Release */,
			);
			defaultConfigurationIsVisible = 0;
			defaultConfigurationName = Release;
		};
		847B501225BC4C8F002221B7 /* Build configuration list for PBXNativeTarget "suitest" */ = {
			isa = XCConfigurationList;
			buildConfigurations = (
				847B501325BC4C8F002221B7 /* Debug */,
				847B501425BC4C8F002221B7 /* Release */,
			);
			defaultConfigurationIsVisible = 0;
			defaultConfigurationName = Release;
		};
/* End XCConfigurationList section */
	};
	rootObject = 847B4FF625BC4C8D002221B7 /* Project object */;
}
